{
  "name": "@alumis/transitionasync",
  "version": "1.0.3",
  "lockfileVersion": 1,
  "requires": true,
  "dependencies": {
    "@alumis/cancellationtoken": {
      "version": "1.0.4",
      "resolved": "https://registry.npmjs.org/@alumis/cancellationtoken/-/cancellationtoken-1.0.4.tgz",
      "integrity": "sha512-u0rph0BYlQ7ByP7c4K44oNQZZTPOtWz218j0LqucutFwqw5Xz3I4nawKU6j+fiB1imDORPrGhVeP/dqzyljbWw==",
      "dev": true
    },
    "@alumis/utils": {
      "version": "1.0.6",
      "resolved": "https://registry.npmjs.org/@alumis/utils/-/utils-1.0.6.tgz",
      "integrity": "sha512-3aD9vcCtHzgWuAMwAKl/Zs0HjNE8eQLGN454butiPr6oT45BbK9U8HEky2GW0zdlrXggGTM7XWPHcn15ZIaqEw==",
      "dev": true
    },
    "typescript": {
      "version": "3.4.5",
      "resolved": "https://registry.npmjs.org/typescript/-/typescript-3.4.5.tgz",
      "integrity": "sha512-YycBxUb49UUhdNMU5aJ7z5Ej2XGmaIBL0x34vZ82fn3hGvD+bgrMrVDpatgz2f7YxUMJxMkbWxJZeAvDxVe7Vw==",
      "dev": true
    }
  }
}
