{
  "name": "@alumis/transitionasync",
  "version": "1.0.0",
  "lockfileVersion": 1,
  "requires": true,
  "dependencies": {
    "@alumis/cancellationtoken": {
      "version": "1.0.4",
      "resolved": "https://registry.npmjs.org/@alumis/cancellationtoken/-/cancellationtoken-1.0.4.tgz",
      "integrity": "sha512-u0rph0BYlQ7ByP7c4K44oNQZZTPOtWz218j0LqucutFwqw5Xz3I4nawKU6j+fiB1imDORPrGhVeP/dqzyljbWw==",
      "dev": true
    },
    "typescript": {
      "version": "3.4.3",
      "resolved": "https://registry.npmjs.org/typescript/-/typescript-3.4.3.tgz",
      "integrity": "sha512-FFgHdPt4T/duxx6Ndf7hwgMZZjZpB+U0nMNGVCYPq0rEzWKjEDobm4J6yb3CS7naZ0yURFqdw9Gwc7UOh/P9oQ==",
      "dev": true
    }
  }
}
